
Microsoft Visual Studio Solution File, Format Version 12.00
# Visual Studio Version 17
VisualStudioVersion = 17.6.33723.286
MinimumVisualStudioVersion = 10.0.40219.1
Project("{FAE04EC0-301F-11D3-BF4B-00C04F79EFBC}") = "WebApp2", "WebApp2\WebApp2.csproj", "{5E975B86-3184-4B8F-9B06-063438A24BF0}"
EndProject
Global
	GlobalSection(SolutionConfigurationPlatforms) = preSolution
		Debug|Any CPU = Debug|Any CPU
		Release|Any CPU = Release|Any CPU
	EndGlobalSection
	GlobalSection(ProjectConfigurationPlatforms) = postSolution
		{5E975B86-3184-4B8F-9B06-063438A24BF0}.Debug|Any CPU.ActiveCfg = Debug|Any CPU
		{5E975B86-3184-4B8F-9B06-063438A24BF0}.Debug|Any CPU.Build.0 = Debug|Any CPU
		{5E975B86-3184-4B8F-9B06-063438A24BF0}.Release|Any CPU.ActiveCfg = Release|Any CPU
		{5E975B86-3184-4B8F-9B06-063438A24BF0}.Release|Any CPU.Build.0 = Release|Any CPU
	EndGlobalSection
	GlobalSection(SolutionProperties) = preSolution
		HideSolutionNode = FALSE
	EndGlobalSection
	GlobalSection(ExtensibilityGlobals) = postSolution
		SolutionGuid = {BAC67D61-F02E-4F3A-8E09-BEC5028D3F83}
	EndGlobalSection
EndGlobal
